
Microsoft Visual Studio Solution File, Format Version 12.00
# Visual Studio Version 17
VisualStudioVersion = 17.6.33801.468
MinimumVisualStudioVersion = 10.0.40219.1
Project("{FAE04EC0-301F-11D3-BF4B-00C04F79EFBC}") = "HungryNepal", "FoodOrderingSystem\HungryNepal.csproj", "{DD3D4E00-7499-4ED4-8B0E-DD609C28AF74}"
EndProject
Global
	GlobalSection(SolutionConfigurationPlatforms) = preSolution
		Debug|Any CPU = Debug|Any CPU
		Release|Any CPU = Release|Any CPU
	EndGlobalSection
	GlobalSection(ProjectConfigurationPlatforms) = postSolution
		{DD3D4E00-7499-4ED4-8B0E-DD609C28AF74}.Debug|Any CPU.ActiveCfg = Debug|Any CPU
		{DD3D4E00-7499-4ED4-8B0E-DD609C28AF74}.Debug|Any CPU.Build.0 = Debug|Any CPU
		{DD3D4E00-7499-4ED4-8B0E-DD609C28AF74}.Release|Any CPU.ActiveCfg = Release|Any CPU
		{DD3D4E00-7499-4ED4-8B0E-DD609C28AF74}.Release|Any CPU.Build.0 = Release|Any CPU
	EndGlobalSection
	GlobalSection(SolutionProperties) = preSolution
		HideSolutionNode = FALSE
	EndGlobalSection
	GlobalSection(ExtensibilityGlobals) = postSolution
		SolutionGuid = {10135D14-07C1-417F-9281-8452EB3A16CB}
	EndGlobalSection
EndGlobal
